
Microsoft Visual Studio Solution File, Format Version 12.00
# Visual Studio 15
VisualStudioVersion = 15.0.28307.168
MinimumVisualStudioVersion = 10.0.40219.1
Project("{FAE04EC0-301F-11D3-BF4B-00C04F79EFBC}") = "ColorDetectorViewer", "ColorDetectorViewer\ColorDetectorViewer.csproj", "{B00350AC-6318-4825-B588-E64EF0817421}"
EndProject
Global
	GlobalSection(SolutionConfigurationPlatforms) = preSolution
		Debug|Any CPU = Debug|Any CPU
		Release|Any CPU = Release|Any CPU
	EndGlobalSection
	GlobalSection(ProjectConfigurationPlatforms) = postSolution
		{B00350AC-6318-4825-B588-E64EF0817421}.Debug|Any CPU.ActiveCfg = Debug|Any CPU
		{B00350AC-6318-4825-B588-E64EF0817421}.Debug|Any CPU.Build.0 = Debug|Any CPU
		{B00350AC-6318-4825-B588-E64EF0817421}.Release|Any CPU.ActiveCfg = Release|Any CPU
		{B00350AC-6318-4825-B588-E64EF0817421}.Release|Any CPU.Build.0 = Release|Any CPU
	EndGlobalSection
	GlobalSection(SolutionProperties) = preSolution
		HideSolutionNode = FALSE
	EndGlobalSection
	GlobalSection(ExtensibilityGlobals) = postSolution
		SolutionGuid = {8819C0E0-1F55-4183-97FA-9A527BDC3715}
	EndGlobalSection
EndGlobal
